
Microsoft Visual Studio Solution File, Format Version 12.00
# Visual Studio Version 17
VisualStudioVersion = 17.9.34902.65
MinimumVisualStudioVersion = 10.0.40219.1
Project("{FAE04EC0-301F-11D3-BF4B-00C04F79EFBC}") = "TestingWebAPI", "TestingWebAPI\TestingWebAPI.csproj", "{67DA1128-5021-4B4E-B1CA-E1D335FB1A9D}"
EndProject
Project("{FAE04EC0-301F-11D3-BF4B-00C04F79EFBC}") = "Presentation", "Presentation\Presentation.csproj", "{C0E66DE2-3FFD-476E-846F-5ED250EA680E}"
EndProject
Project("{FAE04EC0-301F-11D3-BF4B-00C04F79EFBC}") = "DataAccess", "DataAccess\DataAccess.csproj", "{53D98B2F-A9F6-460B-BD32-729833ADE8A5}"
EndProject
Project("{FAE04EC0-301F-11D3-BF4B-00C04F79EFBC}") = "Core", "Core\Core.csproj", "{B2838BFC-B50D-42E8-B389-3B499B0C4896}"
EndProject
Project("{FAE04EC0-301F-11D3-BF4B-00C04F79EFBC}") = "Business", "Contracts\Business.csproj", "{9F617E51-816C-450F-ADF3-4AFBBB24C42C}"
EndProject
Global
	GlobalSection(SolutionConfigurationPlatforms) = preSolution
		Debug|Any CPU = Debug|Any CPU
		Release|Any CPU = Release|Any CPU
	EndGlobalSection
	GlobalSection(ProjectConfigurationPlatforms) = postSolution
		{67DA1128-5021-4B4E-B1CA-E1D335FB1A9D}.Debug|Any CPU.ActiveCfg = Debug|Any CPU
		{67DA1128-5021-4B4E-B1CA-E1D335FB1A9D}.Debug|Any CPU.Build.0 = Debug|Any CPU
		{67DA1128-5021-4B4E-B1CA-E1D335FB1A9D}.Release|Any CPU.ActiveCfg = Release|Any CPU
		{67DA1128-5021-4B4E-B1CA-E1D335FB1A9D}.Release|Any CPU.Build.0 = Release|Any CPU
		{C0E66DE2-3FFD-476E-846F-5ED250EA680E}.Debug|Any CPU.ActiveCfg = Debug|Any CPU
		{C0E66DE2-3FFD-476E-846F-5ED250EA680E}.Debug|Any CPU.Build.0 = Debug|Any CPU
		{C0E66DE2-3FFD-476E-846F-5ED250EA680E}.Release|Any CPU.ActiveCfg = Release|Any CPU
		{C0E66DE2-3FFD-476E-846F-5ED250EA680E}.Release|Any CPU.Build.0 = Release|Any CPU
		{53D98B2F-A9F6-460B-BD32-729833ADE8A5}.Debug|Any CPU.ActiveCfg = Debug|Any CPU
		{53D98B2F-A9F6-460B-BD32-729833ADE8A5}.Debug|Any CPU.Build.0 = Debug|Any CPU
		{53D98B2F-A9F6-460B-BD32-729833ADE8A5}.Release|Any CPU.ActiveCfg = Release|Any CPU
		{53D98B2F-A9F6-460B-BD32-729833ADE8A5}.Release|Any CPU.Build.0 = Release|Any CPU
		{B2838BFC-B50D-42E8-B389-3B499B0C4896}.Debug|Any CPU.ActiveCfg = Debug|Any CPU
		{B2838BFC-B50D-42E8-B389-3B499B0C4896}.Debug|Any CPU.Build.0 = Debug|Any CPU
		{B2838BFC-B50D-42E8-B389-3B499B0C4896}.Release|Any CPU.ActiveCfg = Release|Any CPU
		{B2838BFC-B50D-42E8-B389-3B499B0C4896}.Release|Any CPU.Build.0 = Release|Any CPU
		{9F617E51-816C-450F-ADF3-4AFBBB24C42C}.Debug|Any CPU.ActiveCfg = Debug|Any CPU
		{9F617E51-816C-450F-ADF3-4AFBBB24C42C}.Debug|Any CPU.Build.0 = Debug|Any CPU
		{9F617E51-816C-450F-ADF3-4AFBBB24C42C}.Release|Any CPU.ActiveCfg = Release|Any CPU
		{9F617E51-816C-450F-ADF3-4AFBBB24C42C}.Release|Any CPU.Build.0 = Release|Any CPU
	EndGlobalSection
	GlobalSection(SolutionProperties) = preSolution
		HideSolutionNode = FALSE
	EndGlobalSection
	GlobalSection(ExtensibilityGlobals) = postSolution
		SolutionGuid = {5D76022F-7C96-4797-BBE3-E8AD147C8CE9}
	EndGlobalSection
EndGlobal
